
Microsoft Visual Studio Solution File, Format Version 12.00
# Visual Studio 15
VisualStudioVersion = 15.0.27130.2024
MinimumVisualStudioVersion = 10.0.40219.1
Project("{9092AA53-FB77-4645-B42D-1CCCA6BD08BD}") = "GG_Replay_Parser_Backend_Express", "GG_Replay_Parser_Backend_Express\GG_Replay_Parser_Backend_Express.njsproj", "{6733E960-F0E8-4817-ADC2-2DD8D3825B6B}"
EndProject
Project("{9092AA53-FB77-4645-B42D-1CCCA6BD08BD}") = "GG_Replay_Parser", "..\GG_Replay_Parser\GG_Replay_Parser\GG_Replay_Parser.njsproj", "{763DD945-BAF5-4102-9AA8-9D094FEA83A4}"
EndProject
Global
	GlobalSection(SolutionConfigurationPlatforms) = preSolution
		Debug|Any CPU = Debug|Any CPU
		Release|Any CPU = Release|Any CPU
	EndGlobalSection
	GlobalSection(ProjectConfigurationPlatforms) = postSolution
		{6733E960-F0E8-4817-ADC2-2DD8D3825B6B}.Debug|Any CPU.ActiveCfg = Debug|Any CPU
		{6733E960-F0E8-4817-ADC2-2DD8D3825B6B}.Debug|Any CPU.Build.0 = Debug|Any CPU
		{6733E960-F0E8-4817-ADC2-2DD8D3825B6B}.Release|Any CPU.ActiveCfg = Release|Any CPU
		{6733E960-F0E8-4817-ADC2-2DD8D3825B6B}.Release|Any CPU.Build.0 = Release|Any CPU
		{763DD945-BAF5-4102-9AA8-9D094FEA83A4}.Debug|Any CPU.ActiveCfg = Debug|Any CPU
		{763DD945-BAF5-4102-9AA8-9D094FEA83A4}.Debug|Any CPU.Build.0 = Debug|Any CPU
		{763DD945-BAF5-4102-9AA8-9D094FEA83A4}.Release|Any CPU.ActiveCfg = Release|Any CPU
		{763DD945-BAF5-4102-9AA8-9D094FEA83A4}.Release|Any CPU.Build.0 = Release|Any CPU
	EndGlobalSection
	GlobalSection(SolutionProperties) = preSolution
		HideSolutionNode = FALSE
	EndGlobalSection
	GlobalSection(ExtensibilityGlobals) = postSolution
		SolutionGuid = {0CFA7BCB-27B2-4772-8D29-B7CEF90A3A4F}
	EndGlobalSection
EndGlobal
